
Microsoft Visual Studio Solution File, Format Version 9.00
# Visual Studio 2005
Project("{FAE04EC0-301F-11D3-BF4B-00C04F79EFBC}") = "PDFBun", "PDFBun.csproj", "{6CED3D14-E5CB-4085-945B-146B8BDCE604}"
EndProject
Global
	GlobalSection(SolutionConfigurationPlatforms) = preSolution
		Debug|Any CPU = Debug|Any CPU
		Release|Any CPU = Release|Any CPU
	EndGlobalSection
	GlobalSection(ProjectConfigurationPlatforms) = postSolution
		{6CED3D14-E5CB-4085-945B-146B8BDCE604}.Debug|Any CPU.ActiveCfg = Debug|Any CPU
		{6CED3D14-E5CB-4085-945B-146B8BDCE604}.Debug|Any CPU.Build.0 = Debug|Any CPU
		{6CED3D14-E5CB-4085-945B-146B8BDCE604}.Release|Any CPU.ActiveCfg = Release|Any CPU
		{6CED3D14-E5CB-4085-945B-146B8BDCE604}.Release|Any CPU.Build.0 = Release|Any CPU
	EndGlobalSection
	GlobalSection(SolutionProperties) = preSolution
		HideSolutionNode = FALSE
	EndGlobalSection
EndGlobal
